
Microsoft Visual Studio Solution File, Format Version 12.00
# Visual Studio 15
VisualStudioVersion = 15.0.26430.13
MinimumVisualStudioVersion = 10.0.40219.1
Project("{FAE04EC0-301F-11D3-BF4B-00C04F79EFBC}") = "MM", "MM\MM.csproj", "{E0F9635F-8349-44A7-990A-66FD54998EF8}"
EndProject
Project("{FAE04EC0-301F-11D3-BF4B-00C04F79EFBC}") = "Business", "..\..\business_layer\Business\Business.csproj", "{5F4016FF-0366-4C9C-A220-D06305FA099E}"
EndProject
Project("{FAE04EC0-301F-11D3-BF4B-00C04F79EFBC}") = "BasedeDadosMM", "..\..\camada_dados\src\BasedeDadosMM.csproj", "{0523F052-75A8-474C-AD48-2BA48C71246E}"
EndProject
Project("{FAE04EC0-301F-11D3-BF4B-00C04F79EFBC}") = "Mnham-mnham", "..\..\Mnham-mnham\Mnham-mnham\Mnham-mnham.csproj", "{6CD684C3-F19C-41F6-9675-B0C14792D5DE}"
EndProject
Global
	GlobalSection(SolutionConfigurationPlatforms) = preSolution
		Debug|Any CPU = Debug|Any CPU
		Release|Any CPU = Release|Any CPU
	EndGlobalSection
	GlobalSection(ProjectConfigurationPlatforms) = postSolution
		{E0F9635F-8349-44A7-990A-66FD54998EF8}.Debug|Any CPU.ActiveCfg = Debug|Any CPU
		{E0F9635F-8349-44A7-990A-66FD54998EF8}.Debug|Any CPU.Build.0 = Debug|Any CPU
		{E0F9635F-8349-44A7-990A-66FD54998EF8}.Release|Any CPU.ActiveCfg = Release|Any CPU
		{E0F9635F-8349-44A7-990A-66FD54998EF8}.Release|Any CPU.Build.0 = Release|Any CPU
		{5F4016FF-0366-4C9C-A220-D06305FA099E}.Debug|Any CPU.ActiveCfg = Debug|Any CPU
		{5F4016FF-0366-4C9C-A220-D06305FA099E}.Debug|Any CPU.Build.0 = Debug|Any CPU
		{5F4016FF-0366-4C9C-A220-D06305FA099E}.Release|Any CPU.ActiveCfg = Release|Any CPU
		{5F4016FF-0366-4C9C-A220-D06305FA099E}.Release|Any CPU.Build.0 = Release|Any CPU
		{0523F052-75A8-474C-AD48-2BA48C71246E}.Debug|Any CPU.ActiveCfg = Debug|Any CPU
		{0523F052-75A8-474C-AD48-2BA48C71246E}.Debug|Any CPU.Build.0 = Debug|Any CPU
		{0523F052-75A8-474C-AD48-2BA48C71246E}.Release|Any CPU.ActiveCfg = Release|Any CPU
		{0523F052-75A8-474C-AD48-2BA48C71246E}.Release|Any CPU.Build.0 = Release|Any CPU
		{6CD684C3-F19C-41F6-9675-B0C14792D5DE}.Debug|Any CPU.ActiveCfg = Debug|Any CPU
		{6CD684C3-F19C-41F6-9675-B0C14792D5DE}.Debug|Any CPU.Build.0 = Debug|Any CPU
		{6CD684C3-F19C-41F6-9675-B0C14792D5DE}.Release|Any CPU.ActiveCfg = Release|Any CPU
		{6CD684C3-F19C-41F6-9675-B0C14792D5DE}.Release|Any CPU.Build.0 = Release|Any CPU
	EndGlobalSection
	GlobalSection(SolutionProperties) = preSolution
		HideSolutionNode = FALSE
	EndGlobalSection
EndGlobal
